// !$*UTF8*$!
{
	archiveVersion = 1;
	classes = {
	};
	objectVersion = 56;
	objects = {

/* Begin PBXBuildFile section */
		412A15722B33028F0044FA88 /* Memo.swift in Sources */ = {isa = PBXBuildFile; fileRef = 412A15712B33028F0044FA88 /* Memo.swift */; };
		412A15752B33039A0044FA88 /* MemoStorageType.swift in Sources */ = {isa = PBXBuildFile; fileRef = 412A15742B33039A0044FA88 /* MemoStorageType.swift */; };
		412A15792B3304740044FA88 /* MemoryStorage.swift in Sources */ = {isa = PBXBuildFile; fileRef = 412A15782B3304740044FA88 /* MemoryStorage.swift */; };
		412A157B2B330B600044FA88 /* MemoListViewController.swift in Sources */ = {isa = PBXBuildFile; fileRef = 412A157A2B330B600044FA88 /* MemoListViewController.swift */; };
		412A157D2B330B9C0044FA88 /* MemoDetailViewController.swift in Sources */ = {isa = PBXBuildFile; fileRef = 412A157C2B330B9C0044FA88 /* MemoDetailViewController.swift */; };
		412A157F2B330BD20044FA88 /* MemoComposeViewController.swift in Sources */ = {isa = PBXBuildFile; fileRef = 412A157E2B330BD20044FA88 /* MemoComposeViewController.swift */; };
		412A15812B330C250044FA88 /* MemoListViewModel.swift in Sources */ = {isa = PBXBuildFile; fileRef = 412A15802B330C250044FA88 /* MemoListViewModel.swift */; };
		412A15832B330C5C0044FA88 /* MemoDetailViewModel.swift in Sources */ = {isa = PBXBuildFile; fileRef = 412A15822B330C5C0044FA88 /* MemoDetailViewModel.swift */; };
		412A15852B330C7C0044FA88 /* MemoComposeViewModel.swift in Sources */ = {isa = PBXBuildFile; fileRef = 412A15842B330C7C0044FA88 /* MemoComposeViewModel.swift */; };
		412A15872B330CD60044FA88 /* ViewModelBindableType.swift in Sources */ = {isa = PBXBuildFile; fileRef = 412A15862B330CD60044FA88 /* ViewModelBindableType.swift */; };
		412A15892B330EE10044FA88 /* TransitionModel.swift in Sources */ = {isa = PBXBuildFile; fileRef = 412A15882B330EE10044FA88 /* TransitionModel.swift */; };
		412A158B2B330F8C0044FA88 /* Scene.swift in Sources */ = {isa = PBXBuildFile; fileRef = 412A158A2B330F8C0044FA88 /* Scene.swift */; };
		412A158D2B3311D60044FA88 /* SceneCoordinatorType.swift in Sources */ = {isa = PBXBuildFile; fileRef = 412A158C2B3311D60044FA88 /* SceneCoordinatorType.swift */; };
		412A158F2B33128B0044FA88 /* SceneCoordinator.swift in Sources */ = {isa = PBXBuildFile; fileRef = 412A158E2B33128B0044FA88 /* SceneCoordinator.swift */; };
		41971F6C2B32FD0600EA83EA /* AppDelegate.swift in Sources */ = {isa = PBXBuildFile; fileRef = 41971F6B2B32FD0600EA83EA /* AppDelegate.swift */; };
		41971F6E2B32FD0600EA83EA /* SceneDelegate.swift in Sources */ = {isa = PBXBuildFile; fileRef = 41971F6D2B32FD0600EA83EA /* SceneDelegate.swift */; };
		41971F732B32FD0600EA83EA /* Main.storyboard in Resources */ = {isa = PBXBuildFile; fileRef = 41971F712B32FD0600EA83EA /* Main.storyboard */; };
		41971F762B32FD0600EA83EA /* RxMemo.xcdatamodeld in Sources */ = {isa = PBXBuildFile; fileRef = 41971F742B32FD0600EA83EA /* RxMemo.xcdatamodeld */; };
		41971F782B32FD0700EA83EA /* Assets.xcassets in Resources */ = {isa = PBXBuildFile; fileRef = 41971F772B32FD0700EA83EA /* Assets.xcassets */; };
		41971F7B2B32FD0700EA83EA /* LaunchScreen.storyboard in Resources */ = {isa = PBXBuildFile; fileRef = 41971F792B32FD0700EA83EA /* LaunchScreen.storyboard */; };
		7F685DA1BBF2A8EEC28E5302 /* Pods_RxMemo.framework in Frameworks */ = {isa = PBXBuildFile; fileRef = C17CCBF66DFAB400E1483EB2 /* Pods_RxMemo.framework */; };
/* End PBXBuildFile section */

/* Begin PBXFileReference section */
		3B01B91A52C7D2D9EDD12EEB /* Pods-RxMemo.debug.xcconfig */ = {isa = PBXFileReference; includeInIndex = 1; lastKnownFileType = text.xcconfig; name = "Pods-RxMemo.debug.xcconfig"; path = "Target Support Files/Pods-RxMemo/Pods-RxMemo.debug.xcconfig"; sourceTree = "<group>"; };
		412A15712B33028F0044FA88 /* Memo.swift */ = {isa = PBXFileReference; lastKnownFileType = sourcecode.swift; path = Memo.swift; sourceTree = "<group>"; };
		412A15742B33039A0044FA88 /* MemoStorageType.swift */ = {isa = PBXFileReference; lastKnownFileType = sourcecode.swift; path = MemoStorageType.swift; sourceTree = "<group>"; };
		412A15782B3304740044FA88 /* MemoryStorage.swift */ = {isa = PBXFileReference; lastKnownFileType = sourcecode.swift; path = MemoryStorage.swift; sourceTree = "<group>"; };
		412A157A2B330B600044FA88 /* MemoListViewController.swift */ = {isa = PBXFileReference; lastKnownFileType = sourcecode.swift; path = MemoListViewController.swift; sourceTree = "<group>"; };
		412A157C2B330B9C0044FA88 /* MemoDetailViewController.swift */ = {isa = PBXFileReference; lastKnownFileType = sourcecode.swift; path = MemoDetailViewController.swift; sourceTree = "<group>"; };
		412A157E2B330BD20044FA88 /* MemoComposeViewController.swift */ = {isa = PBXFileReference; lastKnownFileType = sourcecode.swift; path = MemoComposeViewController.swift; sourceTree = "<group>"; };
		412A15802B330C250044FA88 /* MemoListViewModel.swift */ = {isa = PBXFileReference; lastKnownFileType = sourcecode.swift; path = MemoListViewModel.swift; sourceTree = "<group>"; };
		412A15822B330C5C0044FA88 /* MemoDetailViewModel.swift */ = {isa = PBXFileReference; lastKnownFileType = sourcecode.swift; path = MemoDetailViewModel.swift; sourceTree = "<group>"; };
		412A15842B330C7C0044FA88 /* MemoComposeViewModel.swift */ = {isa = PBXFileReference; lastKnownFileType = sourcecode.swift; path = MemoComposeViewModel.swift; sourceTree = "<group>"; };
		412A15862B330CD60044FA88 /* ViewModelBindableType.swift */ = {isa = PBXFileReference; lastKnownFileType = sourcecode.swift; path = ViewModelBindableType.swift; sourceTree = "<group>"; };
		412A15882B330EE10044FA88 /* TransitionModel.swift */ = {isa = PBXFileReference; lastKnownFileType = sourcecode.swift; path = TransitionModel.swift; sourceTree = "<group>"; };
		412A158A2B330F8C0044FA88 /* Scene.swift */ = {isa = PBXFileReference; lastKnownFileType = sourcecode.swift; path = Scene.swift; sourceTree = "<group>"; };
		412A158C2B3311D60044FA88 /* SceneCoordinatorType.swift */ = {isa = PBXFileReference; lastKnownFileType = sourcecode.swift; path = SceneCoordinatorType.swift; sourceTree = "<group>"; };
		412A158E2B33128B0044FA88 /* SceneCoordinator.swift */ = {isa = PBXFileReference; lastKnownFileType = sourcecode.swift; path = SceneCoordinator.swift; sourceTree = "<group>"; };
		41971F682B32FD0600EA83EA /* RxMemo.app */ = {isa = PBXFileReference; explicitFileType = wrapper.application; includeInIndex = 0; path = RxMemo.app; sourceTree = BUILT_PRODUCTS_DIR; };
		41971F6B2B32FD0600EA83EA /* AppDelegate.swift */ = {isa = PBXFileReference; lastKnownFileType = sourcecode.swift; path = AppDelegate.swift; sourceTree = "<group>"; };
		41971F6D2B32FD0600EA83EA /* SceneDelegate.swift */ = {isa = PBXFileReference; lastKnownFileType = sourcecode.swift; path = SceneDelegate.swift; sourceTree = "<group>"; };
		41971F722B32FD0600EA83EA /* Base */ = {isa = PBXFileReference; lastKnownFileType = file.storyboard; name = Base; path = Base.lproj/Main.storyboard; sourceTree = "<group>"; };
		41971F752B32FD0600EA83EA /* RxMemo.xcdatamodel */ = {isa = PBXFileReference; lastKnownFileType = wrapper.xcdatamodel; path = RxMemo.xcdatamodel; sourceTree = "<group>"; };
		41971F772B32FD0700EA83EA /* Assets.xcassets */ = {isa = PBXFileReference; lastKnownFileType = folder.assetcatalog; path = Assets.xcassets; sourceTree = "<group>"; };
		41971F7A2B32FD0700EA83EA /* Base */ = {isa = PBXFileReference; lastKnownFileType = file.storyboard; name = Base; path = Base.lproj/LaunchScreen.storyboard; sourceTree = "<group>"; };
		41971F7C2B32FD0700EA83EA /* Info.plist */ = {isa = PBXFileReference; lastKnownFileType = text.plist.xml; path = Info.plist; sourceTree = "<group>"; };
		A017C8F540D03EAC6E0EE8E6 /* Pods-RxMemo.release.xcconfig */ = {isa = PBXFileReference; includeInIndex = 1; lastKnownFileType = text.xcconfig; name = "Pods-RxMemo.release.xcconfig"; path = "Target Support Files/Pods-RxMemo/Pods-RxMemo.release.xcconfig"; sourceTree = "<group>"; };
		C17CCBF66DFAB400E1483EB2 /* Pods_RxMemo.framework */ = {isa = PBXFileReference; explicitFileType = wrapper.framework; includeInIndex = 0; path = Pods_RxMemo.framework; sourceTree = BUILT_PRODUCTS_DIR; };
/* End PBXFileReference section */

/* Begin PBXFrameworksBuildPhase section */
		41971F652B32FD0600EA83EA /* Frameworks */ = {
			isa = PBXFrameworksBuildPhase;
			buildActionMask = 2147483647;
			files = (
				7F685DA1BBF2A8EEC28E5302 /* Pods_RxMemo.framework in Frameworks */,
			);
			runOnlyForDeploymentPostprocessing = 0;
		};
/* End PBXFrameworksBuildPhase section */

/* Begin PBXGroup section */
		412A156D2B3300CB0044FA88 /* Model */ = {
			isa = PBXGroup;
			children = (
				412A15712B33028F0044FA88 /* Memo.swift */,
			);
			path = Model;
			sourceTree = "<group>";
		};
		412A156E2B3300D10044FA88 /* ViewController */ = {
			isa = PBXGroup;
			children = (
				41971F712B32FD0600EA83EA /* Main.storyboard */,
				41971F792B32FD0700EA83EA /* LaunchScreen.storyboard */,
				412A157A2B330B600044FA88 /* MemoListViewController.swift */,
				412A157C2B330B9C0044FA88 /* MemoDetailViewController.swift */,
				412A157E2B330BD20044FA88 /* MemoComposeViewController.swift */,
			);
			path = ViewController;
			sourceTree = "<group>";
		};
		412A156F2B3300D70044FA88 /* ViewModel */ = {
			isa = PBXGroup;
			children = (
				412A15802B330C250044FA88 /* MemoListViewModel.swift */,
				412A15822B330C5C0044FA88 /* MemoDetailViewModel.swift */,
				412A15842B330C7C0044FA88 /* MemoComposeViewModel.swift */,
				412A15862B330CD60044FA88 /* ViewModelBindableType.swift */,
			);
			path = ViewModel;
			sourceTree = "<group>";
		};
		412A15702B33022A0044FA88 /* Scene */ = {
			isa = PBXGroup;
			children = (
				412A15882B330EE10044FA88 /* TransitionModel.swift */,
				412A158A2B330F8C0044FA88 /* Scene.swift */,
				412A158C2B3311D60044FA88 /* SceneCoordinatorType.swift */,
				412A158E2B33128B0044FA88 /* SceneCoordinator.swift */,
			);
			path = Scene;
			sourceTree = "<group>";
		};
		412A15732B3303850044FA88 /* Service */ = {
			isa = PBXGroup;
			children = (
				412A15772B33044B0044FA88 /* CoreDataStorage */,
				412A15762B33043B0044FA88 /* MemoryStorage */,
				412A15742B33039A0044FA88 /* MemoStorageType.swift */,
			);
			path = Service;
			sourceTree = "<group>";
		};
		412A15762B33043B0044FA88 /* MemoryStorage */ = {
			isa = PBXGroup;
			children = (
				412A15782B3304740044FA88 /* MemoryStorage.swift */,
			);
			path = MemoryStorage;
			sourceTree = "<group>";
		};
		412A15772B33044B0044FA88 /* CoreDataStorage */ = {
			isa = PBXGroup;
			children = (
				41971F742B32FD0600EA83EA /* RxMemo.xcdatamodeld */,
			);
			path = CoreDataStorage;
			sourceTree = "<group>";
		};
		41971F5F2B32FD0600EA83EA = {
			isa = PBXGroup;
			children = (
				41971F6A2B32FD0600EA83EA /* RxMemo */,
				41971F692B32FD0600EA83EA /* Products */,
				EA5F5F5A410B08FA5E19DCB7 /* Pods */,
				67CB21D7206C8E276EB6B85D /* Frameworks */,
			);
			sourceTree = "<group>";
		};
		41971F692B32FD0600EA83EA /* Products */ = {
			isa = PBXGroup;
			children = (
				41971F682B32FD0600EA83EA /* RxMemo.app */,
			);
			name = Products;
			sourceTree = "<group>";
		};
		41971F6A2B32FD0600EA83EA /* RxMemo */ = {
			isa = PBXGroup;
			children = (
				412A15702B33022A0044FA88 /* Scene */,
				412A156F2B3300D70044FA88 /* ViewModel */,
				412A15732B3303850044FA88 /* Service */,
				412A156E2B3300D10044FA88 /* ViewController */,
				412A156D2B3300CB0044FA88 /* Model */,
				41971F6B2B32FD0600EA83EA /* AppDelegate.swift */,
				41971F6D2B32FD0600EA83EA /* SceneDelegate.swift */,
				41971F772B32FD0700EA83EA /* Assets.xcassets */,
				41971F7C2B32FD0700EA83EA /* Info.plist */,
			);
			path = RxMemo;
			sourceTree = "<group>";
		};
		67CB21D7206C8E276EB6B85D /* Frameworks */ = {
			isa = PBXGroup;
			children = (
				C17CCBF66DFAB400E1483EB2 /* Pods_RxMemo.framework */,
			);
			name = Frameworks;
			sourceTree = "<group>";
		};
		EA5F5F5A410B08FA5E19DCB7 /* Pods */ = {
			isa = PBXGroup;
			children = (
				3B01B91A52C7D2D9EDD12EEB /* Pods-RxMemo.debug.xcconfig */,
				A017C8F540D03EAC6E0EE8E6 /* Pods-RxMemo.release.xcconfig */,
			);
			path = Pods;
			sourceTree = "<group>";
		};
/* End PBXGroup section */

/* Begin PBXNativeTarget section */
		41971F672B32FD0600EA83EA /* RxMemo */ = {
			isa = PBXNativeTarget;
			buildConfigurationList = 41971F7F2B32FD0700EA83EA /* Build configuration list for PBXNativeTarget "RxMemo" */;
			buildPhases = (
				DAE6760FAFE2A6762484B6EF /* [CP] Check Pods Manifest.lock */,
				41971F642B32FD0600EA83EA /* Sources */,
				41971F652B32FD0600EA83EA /* Frameworks */,
				41971F662B32FD0600EA83EA /* Resources */,
				A28BCACAC7066EC26D7C7B3F /* [CP] Embed Pods Frameworks */,
			);
			buildRules = (
			);
			dependencies = (
			);
			name = RxMemo;
			productName = RxMemo;
			productReference = 41971F682B32FD0600EA83EA /* RxMemo.app */;
			productType = "com.apple.product-type.application";
		};
/* End PBXNativeTarget section */

/* Begin PBXProject section */
		41971F602B32FD0600EA83EA /* Project object */ = {
			isa = PBXProject;
			attributes = {
				BuildIndependentTargetsInParallel = 1;
				LastSwiftUpdateCheck = 1500;
				LastUpgradeCheck = 1500;
				TargetAttributes = {
					41971F672B32FD0600EA83EA = {
						CreatedOnToolsVersion = 15.0.1;
					};
				};
			};
			buildConfigurationList = 41971F632B32FD0600EA83EA /* Build configuration list for PBXProject "RxMemo" */;
			compatibilityVersion = "Xcode 14.0";
			developmentRegion = en;
			hasScannedForEncodings = 0;
			knownRegions = (
				en,
				Base,
			);
			mainGroup = 41971F5F2B32FD0600EA83EA;
			productRefGroup = 41971F692B32FD0600EA83EA /* Products */;
			projectDirPath = "";
			projectRoot = "";
			targets = (
				41971F672B32FD0600EA83EA /* RxMemo */,
			);
		};
/* End PBXProject section */

/* Begin PBXResourcesBuildPhase section */
		41971F662B32FD0600EA83EA /* Resources */ = {
			isa = PBXResourcesBuildPhase;
			buildActionMask = 2147483647;
			files = (
				41971F7B2B32FD0700EA83EA /* LaunchScreen.storyboard in Resources */,
				41971F782B32FD0700EA83EA /* Assets.xcassets in Resources */,
				41971F732B32FD0600EA83EA /* Main.storyboard in Resources */,
			);
			runOnlyForDeploymentPostprocessing = 0;
		};
/* End PBXResourcesBuildPhase section */

/* Begin PBXShellScriptBuildPhase section */
		A28BCACAC7066EC26D7C7B3F /* [CP] Embed Pods Frameworks */ = {
			isa = PBXShellScriptBuildPhase;
			buildActionMask = 2147483647;
			files = (
			);
			inputFileListPaths = (
				"${PODS_ROOT}/Target Support Files/Pods-RxMemo/Pods-RxMemo-frameworks-${CONFIGURATION}-input-files.xcfilelist",
			);
			name = "[CP] Embed Pods Frameworks";
			outputFileListPaths = (
				"${PODS_ROOT}/Target Support Files/Pods-RxMemo/Pods-RxMemo-frameworks-${CONFIGURATION}-output-files.xcfilelist",
			);
			runOnlyForDeploymentPostprocessing = 0;
			shellPath = /bin/sh;
			shellScript = "\"${PODS_ROOT}/Target Support Files/Pods-RxMemo/Pods-RxMemo-frameworks.sh\"\n";
			showEnvVarsInLog = 0;
		};
		DAE6760FAFE2A6762484B6EF /* [CP] Check Pods Manifest.lock */ = {
			isa = PBXShellScriptBuildPhase;
			buildActionMask = 2147483647;
			files = (
			);
			inputFileListPaths = (
			);
			inputPaths = (
				"${PODS_PODFILE_DIR_PATH}/Podfile.lock",
				"${PODS_ROOT}/Manifest.lock",
			);
			name = "[CP] Check Pods Manifest.lock";
			outputFileListPaths = (
			);
			outputPaths = (
				"$(DERIVED_FILE_DIR)/Pods-RxMemo-checkManifestLockResult.txt",
			);
			runOnlyForDeploymentPostprocessing = 0;
			shellPath = /bin/sh;
			shellScript = "diff \"${PODS_PODFILE_DIR_PATH}/Podfile.lock\" \"${PODS_ROOT}/Manifest.lock\" > /dev/null\nif [ $? != 0 ] ; then\n    # print error to STDERR\n    echo \"error: The sandbox is not in sync with the Podfile.lock. Run 'pod install' or update your CocoaPods installation.\" >&2\n    exit 1\nfi\n# This output is used by Xcode 'outputs' to avoid re-running this script phase.\necho \"SUCCESS\" > \"${SCRIPT_OUTPUT_FILE_0}\"\n";
			showEnvVarsInLog = 0;
		};
/* End PBXShellScriptBuildPhase section */

/* Begin PBXSourcesBuildPhase section */
		41971F642B32FD0600EA83EA /* Sources */ = {
			isa = PBXSourcesBuildPhase;
			buildActionMask = 2147483647;
			files = (
				412A15792B3304740044FA88 /* MemoryStorage.swift in Sources */,
				412A15852B330C7C0044FA88 /* MemoComposeViewModel.swift in Sources */,
				412A158F2B33128B0044FA88 /* SceneCoordinator.swift in Sources */,
				412A158B2B330F8C0044FA88 /* Scene.swift in Sources */,
				412A157D2B330B9C0044FA88 /* MemoDetailViewController.swift in Sources */,
				412A15872B330CD60044FA88 /* ViewModelBindableType.swift in Sources */,
				41971F6C2B32FD0600EA83EA /* AppDelegate.swift in Sources */,
				412A15752B33039A0044FA88 /* MemoStorageType.swift in Sources */,
				41971F6E2B32FD0600EA83EA /* SceneDelegate.swift in Sources */,
				41971F762B32FD0600EA83EA /* RxMemo.xcdatamodeld in Sources */,
				412A158D2B3311D60044FA88 /* SceneCoordinatorType.swift in Sources */,
				412A15812B330C250044FA88 /* MemoListViewModel.swift in Sources */,
				412A15832B330C5C0044FA88 /* MemoDetailViewModel.swift in Sources */,
				412A15892B330EE10044FA88 /* TransitionModel.swift in Sources */,
				412A157B2B330B600044FA88 /* MemoListViewController.swift in Sources */,
				412A157F2B330BD20044FA88 /* MemoComposeViewController.swift in Sources */,
				412A15722B33028F0044FA88 /* Memo.swift in Sources */,
			);
			runOnlyForDeploymentPostprocessing = 0;
		};
/* End PBXSourcesBuildPhase section */

/* Begin PBXVariantGroup section */
		41971F712B32FD0600EA83EA /* Main.storyboard */ = {
			isa = PBXVariantGroup;
			children = (
				41971F722B32FD0600EA83EA /* Base */,
			);
			name = Main.storyboard;
			sourceTree = "<group>";
		};
		41971F792B32FD0700EA83EA /* LaunchScreen.storyboard */ = {
			isa = PBXVariantGroup;
			children = (
				41971F7A2B32FD0700EA83EA /* Base */,
			);
			name = LaunchScreen.storyboard;
			sourceTree = "<group>";
		};
/* End PBXVariantGroup section */

/* Begin XCBuildConfiguration section */
		41971F7D2B32FD0700EA83EA /* Debug */ = {
			isa = XCBuildConfiguration;
			buildSettings = {
				ALWAYS_SEARCH_USER_PATHS = NO;
				ASSETCATALOG_COMPILER_GENERATE_SWIFT_ASSET_SYMBOL_EXTENSIONS = YES;
				CLANG_ANALYZER_NONNULL = YES;
				CLANG_ANALYZER_NUMBER_OBJECT_CONVERSION = YES_AGGRESSIVE;
				CLANG_CXX_LANGUAGE_STANDARD = "gnu++20";
				CLANG_ENABLE_MODULES = YES;
				CLANG_ENABLE_OBJC_ARC = YES;
				CLANG_ENABLE_OBJC_WEAK = YES;
				CLANG_WARN_BLOCK_CAPTURE_AUTORELEASING = YES;
				CLANG_WARN_BOOL_CONVERSION = YES;
				CLANG_WARN_COMMA = YES;
				CLANG_WARN_CONSTANT_CONVERSION = YES;
				CLANG_WARN_DEPRECATED_OBJC_IMPLEMENTATIONS = YES;
				CLANG_WARN_DIRECT_OBJC_ISA_USAGE = YES_ERROR;
				CLANG_WARN_DOCUMENTATION_COMMENTS = YES;
				CLANG_WARN_EMPTY_BODY = YES;
				CLANG_WARN_ENUM_CONVERSION = YES;
				CLANG_WARN_INFINITE_RECURSION = YES;
				CLANG_WARN_INT_CONVERSION = YES;
				CLANG_WARN_NON_LITERAL_NULL_CONVERSION = YES;
				CLANG_WARN_OBJC_IMPLICIT_RETAIN_SELF = YES;
				CLANG_WARN_OBJC_LITERAL_CONVERSION = YES;
				CLANG_WARN_OBJC_ROOT_CLASS = YES_ERROR;
				CLANG_WARN_QUOTED_INCLUDE_IN_FRAMEWORK_HEADER = YES;
				CLANG_WARN_RANGE_LOOP_ANALYSIS = YES;
				CLANG_WARN_STRICT_PROTOTYPES = YES;
				CLANG_WARN_SUSPICIOUS_MOVE = YES;
				CLANG_WARN_UNGUARDED_AVAILABILITY = YES_AGGRESSIVE;
				CLANG_WARN_UNREACHABLE_CODE = YES;
				CLANG_WARN__DUPLICATE_METHOD_MATCH = YES;
				COPY_PHASE_STRIP = NO;
				DEBUG_INFORMATION_FORMAT = dwarf;
				ENABLE_STRICT_OBJC_MSGSEND = YES;
				ENABLE_TESTABILITY = YES;
				ENABLE_USER_SCRIPT_SANDBOXING = YES;
				GCC_C_LANGUAGE_STANDARD = gnu17;
				GCC_DYNAMIC_NO_PIC = NO;
				GCC_NO_COMMON_BLOCKS = YES;
				GCC_OPTIMIZATION_LEVEL = 0;
				GCC_PREPROCESSOR_DEFINITIONS = (
					"DEBUG=1",
					"$(inherited)",
				);
				GCC_WARN_64_TO_32_BIT_CONVERSION = YES;
				GCC_WARN_ABOUT_RETURN_TYPE = YES_ERROR;
				GCC_WARN_UNDECLARED_SELECTOR = YES;
				GCC_WARN_UNINITIALIZED_AUTOS = YES_AGGRESSIVE;
				GCC_WARN_UNUSED_FUNCTION = YES;
				GCC_WARN_UNUSED_VARIABLE = YES;
				IPHONEOS_DEPLOYMENT_TARGET = 17.0;
				LOCALIZATION_PREFERS_STRING_CATALOGS = YES;
				MTL_ENABLE_DEBUG_INFO = INCLUDE_SOURCE;
				MTL_FAST_MATH = YES;
				ONLY_ACTIVE_ARCH = YES;
				SDKROOT = iphoneos;
				SWIFT_ACTIVE_COMPILATION_CONDITIONS = "DEBUG $(inherited)";
				SWIFT_OPTIMIZATION_LEVEL = "-Onone";
			};
			name = Debug;
		};
		41971F7E2B32FD0700EA83EA /* Release */ = {
			isa = XCBuildConfiguration;
			buildSettings = {
				ALWAYS_SEARCH_USER_PATHS = NO;
				ASSETCATALOG_COMPILER_GENERATE_SWIFT_ASSET_SYMBOL_EXTENSIONS = YES;
				CLANG_ANALYZER_NONNULL = YES;
				CLANG_ANALYZER_NUMBER_OBJECT_CONVERSION = YES_AGGRESSIVE;
				CLANG_CXX_LANGUAGE_STANDARD = "gnu++20";
				CLANG_ENABLE_MODULES = YES;
				CLANG_ENABLE_OBJC_ARC = YES;
				CLANG_ENABLE_OBJC_WEAK = YES;
				CLANG_WARN_BLOCK_CAPTURE_AUTORELEASING = YES;
				CLANG_WARN_BOOL_CONVERSION = YES;
				CLANG_WARN_COMMA = YES;
				CLANG_WARN_CONSTANT_CONVERSION = YES;
				CLANG_WARN_DEPRECATED_OBJC_IMPLEMENTATIONS = YES;
				CLANG_WARN_DIRECT_OBJC_ISA_USAGE = YES_ERROR;
				CLANG_WARN_DOCUMENTATION_COMMENTS = YES;
				CLANG_WARN_EMPTY_BODY = YES;
				CLANG_WARN_ENUM_CONVERSION = YES;
				CLANG_WARN_INFINITE_RECURSION = YES;
				CLANG_WARN_INT_CONVERSION = YES;
				CLANG_WARN_NON_LITERAL_NULL_CONVERSION = YES;
				CLANG_WARN_OBJC_IMPLICIT_RETAIN_SELF = YES;
				CLANG_WARN_OBJC_LITERAL_CONVERSION = YES;
				CLANG_WARN_OBJC_ROOT_CLASS = YES_ERROR;
				CLANG_WARN_QUOTED_INCLUDE_IN_FRAMEWORK_HEADER = YES;
				CLANG_WARN_RANGE_LOOP_ANALYSIS = YES;
				CLANG_WARN_STRICT_PROTOTYPES = YES;
				CLANG_WARN_SUSPICIOUS_MOVE = YES;
				CLANG_WARN_UNGUARDED_AVAILABILITY = YES_AGGRESSIVE;
				CLANG_WARN_UNREACHABLE_CODE = YES;
				CLANG_WARN__DUPLICATE_METHOD_MATCH = YES;
				COPY_PHASE_STRIP = NO;
				DEBUG_INFORMATION_FORMAT = "dwarf-with-dsym";
				ENABLE_NS_ASSERTIONS = NO;
				ENABLE_STRICT_OBJC_MSGSEND = YES;
				ENABLE_USER_SCRIPT_SANDBOXING = YES;
				GCC_C_LANGUAGE_STANDARD = gnu17;
				GCC_NO_COMMON_BLOCKS = YES;
				GCC_WARN_64_TO_32_BIT_CONVERSION = YES;
				GCC_WARN_ABOUT_RETURN_TYPE = YES_ERROR;
				GCC_WARN_UNDECLARED_SELECTOR = YES;
				GCC_WARN_UNINITIALIZED_AUTOS = YES_AGGRESSIVE;
				GCC_WARN_UNUSED_FUNCTION = YES;
				GCC_WARN_UNUSED_VARIABLE = YES;
				IPHONEOS_DEPLOYMENT_TARGET = 17.0;
				LOCALIZATION_PREFERS_STRING_CATALOGS = YES;
				MTL_ENABLE_DEBUG_INFO = NO;
				MTL_FAST_MATH = YES;
				SDKROOT = iphoneos;
				SWIFT_COMPILATION_MODE = wholemodule;
				VALIDATE_PRODUCT = YES;
			};
			name = Release;
		};
		41971F802B32FD0700EA83EA /* Debug */ = {
			isa = XCBuildConfiguration;
			baseConfigurationReference = 3B01B91A52C7D2D9EDD12EEB /* Pods-RxMemo.debug.xcconfig */;
			buildSettings = {
				ASSETCATALOG_COMPILER_APPICON_NAME = AppIcon;
				ASSETCATALOG_COMPILER_GLOBAL_ACCENT_COLOR_NAME = AccentColor;
				CODE_SIGN_STYLE = Automatic;
				CURRENT_PROJECT_VERSION = 1;
				DEVELOPMENT_TEAM = 9UU59NTC96;
				ENABLE_USER_SCRIPT_SANDBOXING = NO;
				GENERATE_INFOPLIST_FILE = YES;
				INFOPLIST_FILE = RxMemo/Info.plist;
				INFOPLIST_KEY_UIApplicationSupportsIndirectInputEvents = YES;
				INFOPLIST_KEY_UILaunchStoryboardName = LaunchScreen;
				INFOPLIST_KEY_UIMainStoryboardFile = Main;
				INFOPLIST_KEY_UISupportedInterfaceOrientations_iPad = "UIInterfaceOrientationPortrait UIInterfaceOrientationPortraitUpsideDown UIInterfaceOrientationLandscapeLeft UIInterfaceOrientationLandscapeRight";
				INFOPLIST_KEY_UISupportedInterfaceOrientations_iPhone = "UIInterfaceOrientationPortrait UIInterfaceOrientationLandscapeLeft UIInterfaceOrientationLandscapeRight";
				IPHONEOS_DEPLOYMENT_TARGET = 13.0;
				LD_RUNPATH_SEARCH_PATHS = (
					"$(inherited)",
					"@executable_path/Frameworks",
				);
				MARKETING_VERSION = 1.0;
				PRODUCT_BUNDLE_IDENTIFIER = com.chung.RxMemo;
				PRODUCT_NAME = "$(TARGET_NAME)";
				SWIFT_EMIT_LOC_STRINGS = YES;
				SWIFT_VERSION = 5.0;
				TARGETED_DEVICE_FAMILY = "1,2";
			};
			name = Debug;
		};
		41971F812B32FD0700EA83EA /* Release */ = {
			isa = XCBuildConfiguration;
			baseConfigurationReference = A017C8F540D03EAC6E0EE8E6 /* Pods-RxMemo.release.xcconfig */;
			buildSettings = {
				ASSETCATALOG_COMPILER_APPICON_NAME = AppIcon;
				ASSETCATALOG_COMPILER_GLOBAL_ACCENT_COLOR_NAME = AccentColor;
				CODE_SIGN_STYLE = Automatic;
				CURRENT_PROJECT_VERSION = 1;
				DEVELOPMENT_TEAM = 9UU59NTC96;
				ENABLE_USER_SCRIPT_SANDBOXING = NO;
				GENERATE_INFOPLIST_FILE = YES;
				INFOPLIST_FILE = RxMemo/Info.plist;
				INFOPLIST_KEY_UIApplicationSupportsIndirectInputEvents = YES;
				INFOPLIST_KEY_UILaunchStoryboardName = LaunchScreen;
				INFOPLIST_KEY_UIMainStoryboardFile = Main;
				INFOPLIST_KEY_UISupportedInterfaceOrientations_iPad = "UIInterfaceOrientationPortrait UIInterfaceOrientationPortraitUpsideDown UIInterfaceOrientationLandscapeLeft UIInterfaceOrientationLandscapeRight";
				INFOPLIST_KEY_UISupportedInterfaceOrientations_iPhone = "UIInterfaceOrientationPortrait UIInterfaceOrientationLandscapeLeft UIInterfaceOrientationLandscapeRight";
				IPHONEOS_DEPLOYMENT_TARGET = 13.0;
				LD_RUNPATH_SEARCH_PATHS = (
					"$(inherited)",
					"@executable_path/Frameworks",
				);
				MARKETING_VERSION = 1.0;
				PRODUCT_BUNDLE_IDENTIFIER = com.chung.RxMemo;
				PRODUCT_NAME = "$(TARGET_NAME)";
				SWIFT_EMIT_LOC_STRINGS = YES;
				SWIFT_VERSION = 5.0;
				TARGETED_DEVICE_FAMILY = "1,2";
			};
			name = Release;
		};
/* End XCBuildConfiguration section */

/* Begin XCConfigurationList section */
		41971F632B32FD0600EA83EA /* Build configuration list for PBXProject "RxMemo" */ = {
			isa = XCConfigurationList;
			buildConfigurations = (
				41971F7D2B32FD0700EA83EA /* Debug */,
				41971F7E2B32FD0700EA83EA /* Release */,
			);
			defaultConfigurationIsVisible = 0;
			defaultConfigurationName = Release;
		};
		41971F7F2B32FD0700EA83EA /* Build configuration list for PBXNativeTarget "RxMemo" */ = {
			isa = XCConfigurationList;
			buildConfigurations = (
				41971F802B32FD0700EA83EA /* Debug */,
				41971F812B32FD0700EA83EA /* Release */,
			);
			defaultConfigurationIsVisible = 0;
			defaultConfigurationName = Release;
		};
/* End XCConfigurationList section */

/* Begin XCVersionGroup section */
		41971F742B32FD0600EA83EA /* RxMemo.xcdatamodeld */ = {
			isa = XCVersionGroup;
			children = (
				41971F752B32FD0600EA83EA /* RxMemo.xcdatamodel */,
			);
			currentVersion = 41971F752B32FD0600EA83EA /* RxMemo.xcdatamodel */;
			path = RxMemo.xcdatamodeld;
			sourceTree = "<group>";
			versionGroupType = wrapper.xcdatamodel;
		};
/* End XCVersionGroup section */
	};
	rootObject = 41971F602B32FD0600EA83EA /* Project object */;
}
